
Microsoft Visual Studio Solution File, Format Version 12.00
# Visual Studio Version 16
VisualStudioVersion = 16.0.30611.23
MinimumVisualStudioVersion = 10.0.40219.1
Project("{FAE04EC0-301F-11D3-BF4B-00C04F79EFBC}") = "NCommand", "NCommand.csproj", "{2FE82240-E22A-499A-A08E-5EA68A7EE4A3}"
EndProject
Global
	GlobalSection(SolutionConfigurationPlatforms) = preSolution
		Debug|Any CPU = Debug|Any CPU
		Release|Any CPU = Release|Any CPU
	EndGlobalSection
	GlobalSection(ProjectConfigurationPlatforms) = postSolution
		{2FE82240-E22A-499A-A08E-5EA68A7EE4A3}.Debug|Any CPU.ActiveCfg = Debug|Any CPU
		{2FE82240-E22A-499A-A08E-5EA68A7EE4A3}.Debug|Any CPU.Build.0 = Debug|Any CPU
		{2FE82240-E22A-499A-A08E-5EA68A7EE4A3}.Release|Any CPU.ActiveCfg = Release|Any CPU
		{2FE82240-E22A-499A-A08E-5EA68A7EE4A3}.Release|Any CPU.Build.0 = Release|Any CPU
	EndGlobalSection
	GlobalSection(SolutionProperties) = preSolution
		HideSolutionNode = FALSE
	EndGlobalSection
	GlobalSection(ExtensibilityGlobals) = postSolution
		SolutionGuid = {98D3B998-211A-4E93-80CA-F72CB6108784}
	EndGlobalSection
EndGlobal
